version = 1
revision = 3
requires-python = ">=3.14"

[[package]]
name = "colorama"
version = "0.4.6"
source = { registry = "https://pypi.org/simple" }
sdist = { url = "https://files.pythonhosted.org/packages/d8/53/6f443c9a4a8358a93a6792e2acffb9d9d5cb0a5cfd8802644b7b1c9a02e4/colorama-0.4.6.tar.gz", hash = "sha256:08695f5cb7ed6e0531a20572697297273c47b8cae5a63ffc6d6ed5c201be6e44", size = 27697, upload-time = "2022-10-25T02:36:22.414Z" }
wheels = [
    { url = "https://files.pythonhosted.org/packages/d1/d6/3965ed04c63042e047cb6a3e6ed1a63a35087b6a609aa3a15ed8ac56c221/colorama-0.4.6-py2.py3-none-any.whl", hash = "sha256:4f1d9991f5acc0ca119f9d443620b77f9d6b33703e51011c16baf57afb285fc6", size = 25335, upload-time = "2022-10-25T02:36:20.889Z" },
]

[[package]]
name = "flatbuffers"
version = "25.12.19"
source = { registry = "https://pypi.org/simple" }
wheels = [
    { url = "https://files.pythonhosted.org/packages/e8/2d/d2a548598be01649e2d46231d151a6c56d10b964d94043a335ae56ea2d92/flatbuffers-25.12.19-py2.py3-none-any.whl", hash = "sha256:7634f50c427838bb021c2d66a3d1168e9d199b0607e6329399f04846d42e20b4", size = 26661, upload-time = "2025-12-19T23:16:13.622Z" },
]

[[package]]
name = "ml-dtypes"
version = "0.5.4"
source = { registry = "https://pypi.org/simple" }
dependencies = [
    { name = "numpy" },
]
sdist = { url = "https://files.pythonhosted.org/packages/0e/4a/c27b42ed9b1c7d13d9ba8b6905dece787d6259152f2309338aed29b2447b/ml_dtypes-0.5.4.tar.gz", hash = "sha256:8ab06a50fb9bf9666dd0fe5dfb4676fa2b0ac0f31ecff72a6c3af8e22c063453", size = 692314, upload-time = "2025-11-17T22:32:31.031Z" }
wheels = [
    { url = "https://files.pythonhosted.org/packages/72/4e/1339dc6e2557a344f5ba5590872e80346f76f6cb2ac3dd16e4666e88818c/ml_dtypes-0.5.4-cp314-cp314-macosx_10_13_universal2.whl", hash = "sha256:2b857d3af6ac0d39db1de7c706e69c7f9791627209c3d6dedbfca8c7e5faec22", size = 673781, upload-time = "2025-11-17T22:32:11.364Z" },
    { url = "https://files.pythonhosted.org/packages/04/f9/067b84365c7e83bda15bba2b06c6ca250ce27b20630b1128c435fb7a09aa/ml_dtypes-0.5.4-cp314-cp314-manylinux_2_27_aarch64.manylinux_2_28_aarch64.whl", hash = "sha256:805cef3a38f4eafae3a5bf9ebdcdb741d0bcfd9e1bd90eb54abd24f928cd2465", size = 5036145, upload-time = "2025-11-17T22:32:12.783Z" },
    { url = "https://files.pythonhosted.org/packages/c6/bb/82c7dcf38070b46172a517e2334e665c5bf374a262f99a283ea454bece7c/ml_dtypes-0.5.4-cp314-cp314-manylinux_2_27_x86_64.manylinux_2_28_x86_64.whl", hash = "sha256:14a4fd3228af936461db66faccef6e4f41c1d82fcc30e9f8d58a08916b1d811f", size = 5010230, upload-time = "2025-11-17T22:32:14.38Z" },
    { url = "https://files.pythonhosted.org/packages/e9/93/2bfed22d2498c468f6bcd0d9f56b033eaa19f33320389314c19ef6766413/ml_dtypes-0.5.4-cp314-cp314-win_amd64.whl", hash = "sha256:8c6a2dcebd6f3903e05d51960a8058d6e131fe69f952a5397e5dbabc841b6d56", size = 221032, upload-time = "2025-11-17T22:32:15.763Z" },
    { url = "https://files.pythonhosted.org/packages/76/a3/9c912fe6ea747bb10fe2f8f54d027eb265db05dfb0c6335e3e063e74e6e8/ml_dtypes-0.5.4-cp314-cp314-win_arm64.whl", hash = "sha256:5a0f68ca8fd8d16583dfa7793973feb86f2fbb56ce3966daf9c9f748f52a2049", size = 163353, upload-time = "2025-11-17T22:32:16.932Z" },
    { url = "https://files.pythonhosted.org/packages/cd/02/48aa7d84cc30ab4ee37624a2fd98c56c02326785750cd212bc0826c2f15b/ml_dtypes-0.5.4-cp314-cp314t-macosx_10_13_universal2.whl", hash = "sha256:bfc534409c5d4b0bf945af29e5d0ab075eae9eecbb549ff8a29280db822f34f9", size = 702085, upload-time = "2025-11-17T22:32:18.175Z" },
    { url = "https://files.pythonhosted.org/packages/5a/e7/85cb99fe80a7a5513253ec7faa88a65306be071163485e9a626fce1b6e84/ml_dtypes-0.5.4-cp314-cp314t-manylinux_2_27_aarch64.manylinux_2_28_aarch64.whl", hash = "sha256:2314892cdc3fcf05e373d76d72aaa15fda9fb98625effa73c1d646f331fcecb7", size = 5355358, upload-time = "2025-11-17T22:32:19.7Z" },
    { url = "https://files.pythonhosted.org/packages/79/2b/a826ba18d2179a56e144aef69e57fb2ab7c464ef0b2111940ee8a3a223a2/ml_dtypes-0.5.4-cp314-cp314t-manylinux_2_27_x86_64.manylinux_2_28_x86_64.whl", hash = "sha256:0d2ffd05a2575b1519dc928c0b93c06339eb67173ff53acb00724502cda231cf", size = 5366332, upload-time = "2025-11-17T22:32:21.193Z" },
    { url = "https://files.pythonhosted.org/packages/84/44/f4d18446eacb20ea11e82f133ea8f86e2bf2891785b67d9da8d0ab0ef525/ml_dtypes-0.5.4-cp314-cp314t-win_amd64.whl", hash = "sha256:4381fe2f2452a2d7589689693d3162e876b3ddb0a832cde7a414f8e1adf7eab1", size = 236612, upload-time = "2025-11-17T22:32:22.579Z" },
    { url = "https://files.pythonhosted.org/packages/ad/3f/3d42e9a78fe5edf792a83c074b13b9b770092a4fbf3462872f4303135f09/ml_dtypes-0.5.4-cp314-cp314t-win_arm64.whl", hash = "sha256:11942cbf2cf92157db91e5022633c0d9474d4dfd813a909383bd23ce828a4b7d", size = 168825, upload-time = "2025-11-17T22:32:23.766Z" },
]

[[package]]
name = "mpmath"
version = "1.3.0"
source = { registry = "https://pypi.org/simple" }
sdist = { url = "https://files.pythonhosted.org/packages/e0/47/dd32fa426cc72114383ac549964eecb20ecfd886d1e5ccf5340b55b02f57/mpmath-1.3.0.tar.gz", hash = "sha256:7a28eb2a9774d00c7bc92411c19a89209d5da7c4c9a9e227be8330a23a25b91f", size = 508106, upload-time = "2023-03-07T16:47:11.061Z" }
wheels = [
    { url = "https://files.pythonhosted.org/packages/43/e3/7d92a15f894aa0c9c4b49b8ee9ac9850d6e63b03c9c32c0367a13ae62209/mpmath-1.3.0-py3-none-any.whl", hash = "sha256:a0b2b9fe80bbcd81a6647ff13108738cfb482d481d826cc0e02f5b35e5c88d2c", size = 536198, upload-time = "2023-03-07T16:47:09.197Z" },
]

[[package]]
name = "numpy"
version = "2.5.1"
source = { registry = "https://pypi.org/simple" }
sdist = { url = "https://files.pythonhosted.org/packages/22/fd/89965aa4ac08c74998539fcbf24fa3540f3e15237fbeb6bcf9c908f4aade/numpy-2.5.1.tar.gz", hash = "sha256:a48a113e6afea91f5608793bafa7ef2ad481fefbda87ec5069f483de61cb9fa3", size = 20755553, upload-time = "2026-07-04T17:08:00.933Z" }
wheels = [
    { url = "https://files.pythonhosted.org/packages/db/f4/731b6085a83faf6ca843394cbd5e217280c214399f7e8b21b9f552af0ae2/numpy-2.5.1-cp314-cp314-macosx_10_15_x86_64.whl", hash = "sha256:7c786fe9a5bbe360022e584c5a34cf6b54265c71bd7ec8ac3d8fec38968071f8", size = 16795063, upload-time = "2026-07-04T17:07:07.374Z" },
    { url = "https://files.pythonhosted.org/packages/bf/64/0e215f2048dd11a55bb989ed41b3585ef57452404e638d703a211a3e4157/numpy-2.5.1-cp314-cp314-macosx_11_0_arm64.whl", hash = "sha256:32985c896d897419ef8da6917872d80b78ad0ea26d85b23245c7366ffde76d75", size = 11776652, upload-time = "2026-07-04T17:07:09.907Z" },
    { url = "https://files.pythonhosted.org/packages/b5/59/2b844c7a6e9deff69b404a66221e1542937734f65d5e6e39411876053862/numpy-2.5.1-cp314-cp314-macosx_14_0_arm64.whl", hash = "sha256:efd736408cc97c79b9e6917338dfc8f06013b2274f992e96b1d9a81a71e2a2c2", size = 5335944, upload-time = "2026-07-04T17:07:12.227Z" },
    { url = "https://files.pythonhosted.org/packages/86/51/9bf7cb2cabcebc9e017e4ec7e6322b378317a542c08b4cb68479c1efc716/numpy-2.5.1-cp314-cp314-macosx_14_0_x86_64.whl", hash = "sha256:ab84dc6b074fa881cae55bea94cc4f68e285181ba7f32497bf7dee6b1496165b", size = 6656266, upload-time = "2026-07-04T17:07:14.368Z" },
    { url = "https://files.pythonhosted.org/packages/83/3e/fb7615b211b82a32f44d5180a6d421b61f84d4fadd578b48ba4ac34e189f/numpy-2.5.1-cp314-cp314-manylinux_2_27_aarch64.manylinux_2_28_aarch64.whl", hash = "sha256:caf3e317d33d60c37986b452613f4ab51246d0691350c03d0cb4a898627f4a95", size = 15179720, upload-time = "2026-07-04T17:07:16.272Z" },
    { url = "https://files.pythonhosted.org/packages/41/5f/0f992cb24560673496c5d68de61913b57166ce530ffda07c1f280e0cc464/numpy-2.5.1-cp314-cp314-manylinux_2_27_x86_64.manylinux_2_28_x86_64.whl", hash = "sha256:54ad769f17bc2d833b620851989f62054fb9ab93c969d9e1dc3c8e3d56beea21", size = 16664835, upload-time = "2026-07-04T17:07:19.021Z" },
    { url = "https://files.pythonhosted.org/packages/a2/2f/97d6475ee91afe2587797d09446f9d3e475ad4cb681662d824809327b75a/numpy-2.5.1-cp314-cp314-musllinux_1_2_aarch64.whl", hash = "sha256:c12afb53450fa976d4c681c50a7423729a4c51c0465ed9f32b8a9cabbc472373", size = 16539135, upload-time = "2026-07-04T17:07:22.015Z" },
    { url = "https://files.pythonhosted.org/packages/c4/5b/4db81e4ba0be7e2776b1de68c82aa862c7f8ec27e1b4927d4ae075e20678/numpy-2.5.1-cp314-cp314-musllinux_1_2_x86_64.whl", hash = "sha256:e8c11c405efc5ff6816d5983c96cdfa215bab3428961243af3ff59b228490438", size = 18426684, upload-time = "2026-07-04T17:07:24.941Z" },
    { url = "https://files.pythonhosted.org/packages/1f/64/c0ba2d90724d450279a7df8f32057241070250a26a7e2b5337d77347f481/numpy-2.5.1-cp314-cp314-win32.whl", hash = "sha256:f2479a47f8d5932d1718168a681ad6e536a9df484c83cfcf9de365e164537ace", size = 6116103, upload-time = "2026-07-04T17:07:27.622Z" },
    { url = "https://files.pythonhosted.org/packages/c1/1a/837f9ed7405adcd7a40538792eb169eddd8fa5630c16a1ef49dae71a30f4/numpy-2.5.1-cp314-cp314-win_amd64.whl", hash = "sha256:24d0eb82c0541d3415a33425db64ae439dffccd7b4dbcb30e7c35120205c506a", size = 12562177, upload-time = "2026-07-04T17:07:29.887Z" },
    { url = "https://files.pythonhosted.org/packages/22/ed/49707938b6dd0a78a9178dd93227dc89e4c11af47f5c798d70366e8d0483/numpy-2.5.1-cp314-cp314-win_arm64.whl", hash = "sha256:5a4c988b38d261deeeaad9954e3deb091ad905c94e8bb6708654ef1d97f286b0", size = 10627739, upload-time = "2026-07-04T17:07:32.568Z" },
    { url = "https://files.pythonhosted.org/packages/a6/c7/bb4b882cfe7f299cbc8b66e42e7dd78cf9d14e40f9469fc5e3db7e15b3bd/numpy-2.5.1-cp314-cp314t-macosx_11_0_arm64.whl", hash = "sha256:a33276be12fa045805f477f22482088b66bb758ffbe89a9d21457de863a32e22", size = 11894709, upload-time = "2026-07-04T17:07:34.941Z" },
    { url = "https://files.pythonhosted.org/packages/40/3f/5af7f4a7f6224aef48017aa82bb6174c7a659d724be0c75017b7e64a55b4/numpy-2.5.1-cp314-cp314t-macosx_14_0_arm64.whl", hash = "sha256:f089d7b00756190aacf1f5d34bdf38c3c430ac82b4f868f8cede73380460fce7", size = 5453810, upload-time = "2026-07-04T17:07:37.495Z" },
    { url = "https://files.pythonhosted.org/packages/20/c9/3474309bc94d634d3f9c3eddf03250ecb8c22cd948ef16fef69a77cc5d7b/numpy-2.5.1-cp314-cp314t-macosx_14_0_x86_64.whl", hash = "sha256:09e9bfd8d2cf479c7d174804fb3811c53a8e9f20a37444008606b57d6b7a826d", size = 6761189, upload-time = "2026-07-04T17:07:39.563Z" },
    { url = "https://files.pythonhosted.org/packages/90/8a/558ae39fdd55d7e7f7fef9a84a6e964ac6b23edbd2a07e52bb084500507d/numpy-2.5.1-cp314-cp314t-manylinux_2_27_aarch64.manylinux_2_28_aarch64.whl", hash = "sha256:e68d8dd1e7eba712948f2053a29ec86917bc70ba1358df869d9f06649ef9cf09", size = 15225039, upload-time = "2026-07-04T17:07:41.682Z" },
    { url = "https://files.pythonhosted.org/packages/63/27/ca7392b2d030277bdf0273e7d23255b3ee57d57a7c170a6f4fb3981e1e5d/numpy-2.5.1-cp314-cp314t-manylinux_2_27_x86_64.manylinux_2_28_x86_64.whl", hash = "sha256:99d5095fa265a0c4152e7bb12759e14381ef5496152f1ce58f44bdf55c44beb4", size = 16701306, upload-time = "2026-07-04T17:07:44.611Z" },
    { url = "https://files.pythonhosted.org/packages/02/42/03d53ae7996c44d4374a8262e9dc41671fd56cbb98f7d47ef85cf5da4c6b/numpy-2.5.1-cp314-cp314t-musllinux_1_2_aarch64.whl", hash = "sha256:ab87a91b3cc3382b8956095bd8f95e00cf679bb81554339be1a2ba404a1473c1", size = 16589955, upload-time = "2026-07-04T17:07:47.694Z" },
    { url = "https://files.pythonhosted.org/packages/7b/15/6c1784ae469640e65db111e9a34b3d0f14d91e8a38b9ce34810ced370dbb/numpy-2.5.1-cp314-cp314t-musllinux_1_2_x86_64.whl", hash = "sha256:224ca51130ef7da85bea2191625181cb4f337f9cb64b471f10c1a12aa8b60077", size = 18464252, upload-time = "2026-07-04T17:07:50.684Z" },
    { url = "https://files.pythonhosted.org/packages/94/a8/f98e50356cf167df656c526c2dfeec2d7dde182f2a3da4b458a5938e2776/numpy-2.5.1-cp314-cp314t-win32.whl", hash = "sha256:6eab239876581b2b3c5a242281b6007bbdbcd1c7085d7709bb57c5929b11e6bf", size = 6263298, upload-time = "2026-07-04T17:07:53.445Z" },
    { url = "https://files.pythonhosted.org/packages/72/ac/96ae880cdecad0b3275d9359fcec72667b49a4863c9f12942e43679dda02/numpy-2.5.1-cp314-cp314t-win_amd64.whl", hash = "sha256:83ce9c80d5b521b0d77ddcbe5447c218d247929b6cc056ca5351342accfff0af", size = 12748623, upload-time = "2026-07-04T17:07:55.384Z" },
    { url = "https://files.pythonhosted.org/packages/a1/5a/4d2b1601df3602dba7a14f3348ba9bfe94a18adb428e693df6154c293831/numpy-2.5.1-cp314-cp314t-win_arm64.whl", hash = "sha256:5a6db61f9aaa57e369905c67d852045d3c4f7126405b29d09b19dec118e9c9cb", size = 10697674, upload-time = "2026-07-04T17:07:58.506Z" },
]

[[package]]
name = "onnx"
version = "1.22.0"
source = { registry = "https://pypi.org/simple" }
dependencies = [
    { name = "ml-dtypes" },
    { name = "numpy" },
    { name = "protobuf" },
    { name = "typing-extensions" },
]
sdist = { url = "https://files.pythonhosted.org/packages/04/19/8ea73a64b368b75fe339771a20a02bc61ea1f551484c9e3d9d0bfbd0450f/onnx-1.22.0.tar.gz", hash = "sha256:ef40c0aaf0b643857ea9306fc7eddce17eaf9fb0407e4801f1fc5758443a38e0", size = 12024721, upload-time = "2026-06-15T12:50:05.354Z" }
wheels = [
    { url = "https://files.pythonhosted.org/packages/ee/6a/481561f1093834376ed493e4ca42a73e5be0d50031f2969c86593bdc7c96/onnx-1.22.0-cp312-abi3-macosx_12_0_universal2.whl", hash = "sha256:596fbf0490947533c1c1045ba860851dc9fb77471023dac9a71ba5b42ceab103", size = 20167081, upload-time = "2026-06-15T12:49:32.078Z" },
    { url = "https://files.pythonhosted.org/packages/84/55/b34fc2aa30aa54b4a775402d24c4082242c720283a274fe976ac8eb94480/onnx-1.22.0-cp312-abi3-manylinux_2_26_aarch64.manylinux_2_28_aarch64.whl", hash = "sha256:ae5a563f281cd9d2845622cecf6c092a57e4ee1b138f66fdbbdd4200567a5e16", size = 18889249, upload-time = "2026-06-15T12:49:34.7Z" },
    { url = "https://files.pythonhosted.org/packages/09/a6/bd32357e6cc1ecb473afd78193d7231724f284435d2db25696ecfaaa1503/onnx-1.22.0-cp312-abi3-manylinux_2_27_x86_64.manylinux_2_28_x86_64.whl", hash = "sha256:955e02e1f6d385b53d52f9cd7b9cdf5caf417c300bcfe3c64c6d542be763845b", size = 19106514, upload-time = "2026-06-15T12:49:37.424Z" },
    { url = "https://files.pythonhosted.org/packages/5a/9d/3af461ac6c714b8b369cb71499659932f4f12cfb066250b62f7567c3d530/onnx-1.22.0-cp312-abi3-pyemscripten_2025_0_wasm32.whl", hash = "sha256:82e9f27fc1223cb06d68a56bed6f9d3caf3d0dad1b61bce45006d529b15bd94c", size = 16966387, upload-time = "2026-06-15T12:49:40.918Z" },
    { url = "https://files.pythonhosted.org/packages/d0/f0/68195b5e5a53e333faf2660f5352ee43738d0e42fc5216cc6b1871a9fbfb/onnx-1.22.0-cp312-abi3-win32.whl", hash = "sha256:cc8b66b312f8f03a53e268afb67180a2d97dd12cc79e2b61361c6c0073448016", size = 17081568, upload-time = "2026-06-15T12:49:43.398Z" },
    { url = "https://files.pythonhosted.org/packages/13/a8/734725bb703c5fabb687f79c79e51249475212b3eb37771ac4a4ac9b487f/onnx-1.22.0-cp312-abi3-win_amd64.whl", hash = "sha256:72ccebab3bac07215c204ce8848d42e78eaaa666badbf72d25cd359b9f269e3a", size = 17213290, upload-time = "2026-06-15T12:49:45.933Z" },
    { url = "https://files.pythonhosted.org/packages/bd/2a/8ce48d8ae26a8761ad4e5dc771961b155c5c3c7c8540ec7f2f2d71b69af0/onnx-1.22.0-cp312-abi3-win_arm64.whl", hash = "sha256:f3c120dcdb70ad738f3c061b32798f408ea299eb69f84dd69ab4a6bf3c2ec01f", size = 17207030, upload-time = "2026-06-15T12:49:48.635Z" },
    { url = "https://files.pythonhosted.org/packages/f3/13/47323b97846387848efb1044ded11bb94b83526f3d1fbdb37c6480d4520f/onnx-1.22.0-cp314-cp314t-macosx_12_0_universal2.whl", hash = "sha256:19e45e4af88e3fe3261458d4b8cc461957ae2782a358a3560503569bf3b23b72", size = 20176465, upload-time = "2026-06-15T12:49:51.311Z" },
    { url = "https://files.pythonhosted.org/packages/13/0c/d3b8a7e7eee123938586c608bb9894b5723f2342b9450c0eec59fbec7099/onnx-1.22.0-cp314-cp314t-manylinux_2_26_aarch64.manylinux_2_28_aarch64.whl", hash = "sha256:c21a0e59fd967a95b358e4a6e756d1f1eec2d304a83480f329f66e30d2bf0223", size = 18894028, upload-time = "2026-06-15T12:49:54.451Z" },
    { url = "https://files.pythonhosted.org/packages/b8/8a/da2a97ab46fe6e0cd9beb3ac14603a22f5be492f9ca347faf8233a07bb33/onnx-1.22.0-cp314-cp314t-manylinux_2_27_x86_64.manylinux_2_28_x86_64.whl", hash = "sha256:2632406b8f523ef2e2873c363f90b20a3d88c0fbcfac757d3addffccf8f452c2", size = 19110420, upload-time = "2026-06-15T12:49:57.665Z" },
    { url = "https://files.pythonhosted.org/packages/b9/a3/ce984063017518307ebfaa545782fc400e593dc2d7fdf4f23ce4be1ed197/onnx-1.22.0-cp314-cp314t-win_amd64.whl", hash = "sha256:a3a39fc4643867aecb33417fdddb11e308ee79d2d4a584b9d50cc7aec2091b13", size = 17237547, upload-time = "2026-06-15T12:50:00.382Z" },
    { url = "https://files.pythonhosted.org/packages/00/50/257a880384a1dd502d543b0067945074d63cd17d0840e958355bc8197da8/onnx-1.22.0-cp314-cp314t-win_arm64.whl", hash = "sha256:8e268cdc0547e3949799ffd4a44451dc2b9080b57d0824a2db680b6ec65506f0", size = 17231391, upload-time = "2026-06-15T12:50:03.047Z" },
]

[[package]]
name = "onnxruntime"
version = "1.28.0"
source = { registry = "https://pypi.org/simple" }
dependencies = [
    { name = "flatbuffers" },
    { name = "numpy" },
    { name = "packaging" },
    { name = "protobuf" },
]
wheels = [
    { url = "https://files.pythonhosted.org/packages/4e/eb/952314c451d9463e5c9aed9978eec76cf32930d407d9ab8700dd0f4ea1ea/onnxruntime-1.28.0-cp314-cp314-macosx_14_0_arm64.whl", hash = "sha256:8adff67a3f28257b37cfe945a7e952e4122666aa8c91a0380862e9fd4c2ed19f", size = 19143748, upload-time = "2026-07-25T01:21:56.297Z" },
    { url = "https://files.pythonhosted.org/packages/3f/e9/139180b4dd810329aaa42c238b4e6383c906202d98609ae29d66eb7c32b1/onnxruntime-1.28.0-cp314-cp314-manylinux_2_27_aarch64.manylinux_2_28_aarch64.whl", hash = "sha256:bc2565e487b4896fb988d6383577d875d958e071fc5f6c3550bd5d02ae98264b", size = 17051950, upload-time = "2026-07-25T01:21:48.606Z" },
    { url = "https://files.pythonhosted.org/packages/03/88/9432428273356ad3c8aa01f52c1b3e7f53c4c0192748f41ad983872b436b/onnxruntime-1.28.0-cp314-cp314-manylinux_2_27_x86_64.manylinux_2_28_x86_64.whl", hash = "sha256:6afdc83f1317c136e92fc29f5ee9f058de59d87c0b22cee3fdbfbaa0ccc2098a", size = 19214924, upload-time = "2026-07-25T01:22:09.727Z" },
    { url = "https://files.pythonhosted.org/packages/bb/e2/6feb3a43517aaf2b1bf7e46897ba5eb81a29717f7d7901420614d5ee4653/onnxruntime-1.28.0-cp314-cp314-win_amd64.whl", hash = "sha256:f2a3b9e30ce880d4ca54999cb313569e36da4f62eefe25f87be18f43e9a3a4d5", size = 14093738, upload-time = "2026-07-25T01:22:31.629Z" },
    { url = "https://files.pythonhosted.org/packages/fc/8f/83974a1e201dc2e58e5e7111bcaeb1ca2413e9c41f505d26419ee9e3dddf/onnxruntime-1.28.0-cp314-cp314-win_arm64.whl", hash = "sha256:07fb3cbe990d6bf0ab3c22bfbbfb0e314151266046ea6edb4a07f556b4258c5f", size = 13821117, upload-time = "2026-07-25T01:22:22.387Z" },
    { url = "https://files.pythonhosted.org/packages/0d/83/00e606bc25c756d76a267370c39b7516ad52f9cf134d7ff2bff8b6108bc4/onnxruntime-1.28.0-cp314-cp314t-manylinux_2_27_aarch64.manylinux_2_28_aarch64.whl", hash = "sha256:e562d6e36a749f6764481c0ddb0f2af3d0b5a3c164291361d08803c557f369af", size = 17055518, upload-time = "2026-07-25T01:21:51.08Z" },
    { url = "https://files.pythonhosted.org/packages/94/a9/68707e1ce345cbdbcd4df65932ebc82a673e917d63eda0007ebcff948691/onnxruntime-1.28.0-cp314-cp314t-manylinux_2_27_x86_64.manylinux_2_28_x86_64.whl", hash = "sha256:4f6e92367ddce1e4d33cf295024f40192be6c6171a09208f515ba169ced06c8e", size = 19222976, upload-time = "2026-07-25T01:22:12.474Z" },
]

[[package]]
name = "onnxslim"
version = "0.1.94"
source = { registry = "https://pypi.org/simple" }
dependencies = [
    { name = "colorama" },
    { name = "ml-dtypes" },
    { name = "onnx" },
    { name = "packaging" },
    { name = "sympy" },
]
sdist = { url = "https://files.pythonhosted.org/packages/63/70/08f6099dee785ede13d38c36de20347df34f67046fc670f24c65ad741287/onnxslim-0.1.94.tar.gz", hash = "sha256:83a3d428e55a0d1b7db88a4eadf8b1763bc38e8f7e4a48cbe72c5a7bbaf583b3", size = 598083, upload-time = "2026-05-22T01:37:56.937Z" }
wheels = [
    { url = "https://files.pythonhosted.org/packages/93/42/749b09a43bb21542097071ed43cc7c129a62d535ff5166b9ed53c01ac9cb/onnxslim-0.1.94-py3-none-any.whl", hash = "sha256:1ec3f828cad98ff4fc92d06c6eb243e16c0e314728d88ea0bc1f6da19f250522", size = 238391, upload-time = "2026-05-22T01:37:55.056Z" },
]

[[package]]
name = "packaging"
version = "26.2"
source = { registry = "https://pypi.org/simple" }
sdist = { url = "https://files.pythonhosted.org/packages/d7/f1/e7a6dd94a8d4a5626c03e4e99c87f241ba9e350cd9e6d75123f992427270/packaging-26.2.tar.gz", hash = "sha256:ff452ff5a3e828ce110190feff1178bb1f2ea2281fa2075aadb987c2fb221661", size = 228134, upload-time = "2026-04-24T20:15:23.917Z" }
wheels = [
    { url = "https://files.pythonhosted.org/packages/df/b2/87e62e8c3e2f4b32e5fe99e0b86d576da1312593b39f47d8ceef365e95ed/packaging-26.2-py3-none-any.whl", hash = "sha256:5fc45236b9446107ff2415ce77c807cee2862cb6fac22b8a73826d0693b0980e", size = 100195, upload-time = "2026-04-24T20:15:22.081Z" },
]

[[package]]
name = "portal"
version = "0.1.0"
source = { virtual = "." }

[package.dev-dependencies]
dev = [
    { name = "onnx" },
    { name = "onnxruntime" },
    { name = "onnxslim" },
]

[package.metadata]

[package.metadata.requires-dev]
dev = [
    { name = "onnx", specifier = ">=1.21.0" },
    { name = "onnxruntime", specifier = ">=1.28.0" },
    { name = "onnxslim", specifier = ">=0.1.90" },
]

[[package]]
name = "protobuf"
version = "7.35.1"
source = { registry = "https://pypi.org/simple" }
sdist = { url = "https://files.pythonhosted.org/packages/da/01/9ef0afd7999eb9badb3a768b4aedd78c86d4c65cfaf1958ab276199e76b4/protobuf-7.35.1.tar.gz", hash = "sha256:ce115a26fe0c39a2c29973d914d327e516a6455464489fe3cd1e51a1b354f81a", size = 458717, upload-time = "2026-06-11T21:55:40.257Z" }
wheels = [
    { url = "https://files.pythonhosted.org/packages/10/03/8aeeb7458d22546bf64b5250ca1daeb5ff757d900e8e4a7476c6f0db843e/protobuf-7.35.1-cp310-abi3-macosx_10_9_universal2.whl", hash = "sha256:24f857477359a85c0c235261b8ba905fd51b2562f4a64ca1df5473f29850cbf6", size = 433226, upload-time = "2026-06-11T21:55:31.719Z" },
    { url = "https://files.pythonhosted.org/packages/37/4b/dfb89eb0e652a1ff073c39a59fb5e3a83cfe9b57a2c83fa6d78270101767/protobuf-7.35.1-cp310-abi3-manylinux2014_aarch64.whl", hash = "sha256:11d6b0ec246892d85215b0a13ca6e0233cf5284b68f0ac02646427f4ff88a799", size = 328847, upload-time = "2026-06-11T21:55:34.035Z" },
    { url = "https://files.pythonhosted.org/packages/0f/58/dc12f2cd484951524af6e3382c785869b9b3fb5e52ee95ae23add53ee8f9/protobuf-7.35.1-cp310-abi3-manylinux2014_s390x.whl", hash = "sha256:b73f9489a4b8b1c9cb1f8ed951c736392592edb24b9d6819f36d2e10b171d5b4", size = 344030, upload-time = "2026-06-11T21:55:34.941Z" },
    { url = "https://files.pythonhosted.org/packages/e4/be/5b3cfe508bfab6761414ff944e3366eb13be4fd71efcd69450f89ba39f43/protobuf-7.35.1-cp310-abi3-manylinux2014_x86_64.whl", hash = "sha256:74758715c53d7158fb76caf4f0cfdacc5329a4b1bb994f865d6cf302d413a1c4", size = 327130, upload-time = "2026-06-11T21:55:35.921Z" },
    { url = "https://files.pythonhosted.org/packages/d8/bc/6d6c7ba8709c85f8f2c390b2b118d6fb08a783676a572271851bf45a7d22/protobuf-7.35.1-cp310-abi3-win32.whl", hash = "sha256:353652e4efd0bca5b5fc2656abf8307ef351f0cf938c9eba09f0e09c20a25c30", size = 428945, upload-time = "2026-06-11T21:55:37.034Z" },
    { url = "https://files.pythonhosted.org/packages/0a/19/8d0cb6f20a1ef7b18f1c8986ad5783f22f84cce39c6ce9a6e645ea55192e/protobuf-7.35.1-cp310-abi3-win_amd64.whl", hash = "sha256:230a75ddfc2de4806e56696ce9640c1cdfdb6543b7cfce98d42a4c0a0e7bdb87", size = 439996, upload-time = "2026-06-11T21:55:38.123Z" },
    { url = "https://files.pythonhosted.org/packages/19/c7/5f7c636ec43e0c545e28d1f1db71990108306f7bdcb89f069ba97e428e7f/protobuf-7.35.1-py3-none-any.whl", hash = "sha256:4bc97768d8fe4ad6743c8a19403e314511ed9f6d13205b687e52421c023ac1b9", size = 171659, upload-time = "2026-06-11T21:55:39.155Z" },
]

[[package]]
name = "sympy"
version = "1.14.0"
source = { registry = "https://pypi.org/simple" }
dependencies = [
    { name = "mpmath" },
]
sdist = { url = "https://files.pythonhosted.org/packages/83/d3/803453b36afefb7c2bb238361cd4ae6125a569b4db67cd9e79846ba2d68c/sympy-1.14.0.tar.gz", hash = "sha256:d3d3fe8df1e5a0b42f0e7bdf50541697dbe7d23746e894990c030e2b05e72517", size = 7793921, upload-time = "2025-04-27T18:05:01.611Z" }
wheels = [
    { url = "https://files.pythonhosted.org/packages/a2/09/77d55d46fd61b4a135c444fc97158ef34a095e5681d0a6c10b75bf356191/sympy-1.14.0-py3-none-any.whl", hash = "sha256:e091cc3e99d2141a0ba2847328f5479b05d94a6635cb96148ccb3f34671bd8f5", size = 6299353, upload-time = "2025-04-27T18:04:59.103Z" },
]

[[package]]
name = "typing-extensions"
version = "4.16.0"
source = { registry = "https://pypi.org/simple" }
sdist = { url = "https://files.pythonhosted.org/packages/f6/cc/6253133b5bb138fc3306cebfbda2c520f545d36b5be2c7255cc528bb45d6/typing_extensions-4.16.0.tar.gz", hash = "sha256:dc983d19a509c94dba722ee6abd33940f7c05a89e243c47e907eb4db6f1a43e5", size = 113555, upload-time = "2026-07-02T08:40:05.92Z" }
wheels = [
    { url = "https://files.pythonhosted.org/packages/49/d3/b8441a820a491ddfc024b0b0cf0393375b75ea13866d9c66727e54c2fc80/typing_extensions-4.16.0-py3-none-any.whl", hash = "sha256:481caa481374e813c1b176ada14e97f1f67a4539ce9cfeb3f350d78d6370c2e8", size = 45571, upload-time = "2026-07-02T08:40:04.659Z" },
]
